// !$*UTF8*$!
{
	archiveVersion = 1;
	classes = {
	};
	objectVersion = 46;
	objects = {

/* Begin PBXBuildFile section */
		8710B62D1C31B40800114E52 /* main.m in Sources */ = {isa = PBXBuildFile; fileRef = 8710B62C1C31B40800114E52 /* main.m */; };
		8710B6301C31B40800114E52 /* AppDelegate.m in Sources */ = {isa = PBXBuildFile; fileRef = 8710B62F1C31B40800114E52 /* AppDelegate.m */; };
		8710B6331C31B40800114E52 /* ViewController.m in Sources */ = {isa = PBXBuildFile; fileRef = 8710B6321C31B40800114E52 /* ViewController.m */; };
		8710B6361C31B40800114E52 /* Main.storyboard in Resources */ = {isa = PBXBuildFile; fileRef = 8710B6341C31B40800114E52 /* Main.storyboard */; };
		8710B6381C31B40800114E52 /* Assets.xcassets in Resources */ = {isa = PBXBuildFile; fileRef = 8710B6371C31B40800114E52 /* Assets.xcassets */; };
		8710B63B1C31B40800114E52 /* LaunchScreen.storyboard in Resources */ = {isa = PBXBuildFile; fileRef = 8710B6391C31B40800114E52 /* LaunchScreen.storyboard */; };
		8710B6441C31B46300114E52 /* BViewController.m in Sources */ = {isa = PBXBuildFile; fileRef = 8710B6431C31B46300114E52 /* BViewController.m */; };
/* End PBXBuildFile section */

/* Begin PBXFileReference section */
		8710B6281C31B40800114E52 /* TurnScreenTest.app */ = {isa = PBXFileReference; explicitFileType = wrapper.application; includeInIndex = 0; path = TurnScreenTest.app; sourceTree = BUILT_PRODUCTS_DIR; };
		8710B62C1C31B40800114E52 /* main.m */ = {isa = PBXFileReference; lastKnownFileType = sourcecode.c.objc; path = main.m; sourceTree = "<group>"; };
		8710B62E1C31B40800114E52 /* AppDelegate.h */ = {isa = PBXFileReference; lastKnownFileType = sourcecode.c.h; path = AppDelegate.h; sourceTree = "<group>"; };
		8710B62F1C31B40800114E52 /* AppDelegate.m */ = {isa = PBXFileReference; lastKnownFileType = sourcecode.c.objc; path = AppDelegate.m; sourceTree = "<group>"; };
		8710B6311C31B40800114E52 /* ViewController.h */ = {isa = PBXFileReference; lastKnownFileType = sourcecode.c.h; path = ViewController.h; sourceTree = "<group>"; };
		8710B6321C31B40800114E52 /* ViewController.m */ = {isa = PBXFileReference; lastKnownFileType = sourcecode.c.objc; path = ViewController.m; sourceTree = "<group>"; };
		8710B6351C31B40800114E52 /* Base */ = {isa = PBXFileReference; lastKnownFileType = file.storyboard; name = Base; path = Base.lproj/Main.storyboard; sourceTree = "<group>"; };
		8710B6371C31B40800114E52 /* Assets.xcassets */ = {isa = PBXFileReference; lastKnownFileType = folder.assetcatalog; path = Assets.xcassets; sourceTree = "<group>"; };
		8710B63A1C31B40800114E52 /* Base */ = {isa = PBXFileReference; lastKnownFileType = file.storyboard; name = Base; path = Base.lproj/LaunchScreen.storyboard; sourceTree = "<group>"; };
		8710B63C1C31B40800114E52 /* Info.plist */ = {isa = PBXFileReference; lastKnownFileType = text.plist.xml; path = Info.plist; sourceTree = "<group>"; };
		8710B6421C31B46300114E52 /* BViewController.h */ = {isa = PBXFileReference; fileEncoding = 4; lastKnownFileType = sourcecode.c.h; path = BViewController.h; sourceTree = "<group>"; };
		8710B6431C31B46300114E52 /* BViewController.m */ = {isa = PBXFileReference; fileEncoding = 4; lastKnownFileType = sourcecode.c.objc; path = BViewController.m; sourceTree = "<group>"; };
/* End PBXFileReference section */

/* Begin PBXFrameworksBuildPhase section */
		8710B6251C31B40800114E52 /* Frameworks */ = {
			isa = PBXFrameworksBuildPhase;
			buildActionMask = 2147483647;
			files = (
			);
			runOnlyForDeploymentPostprocessing = 0;
		};
/* End PBXFrameworksBuildPhase section */

/* Begin PBXGroup section */
		8710B61F1C31B40800114E52 = {
			isa = PBXGroup;
			children = (
				8710B62A1C31B40800114E52 /* TurnScreenTest */,
				8710B6291C31B40800114E52 /* Products */,
			);
			sourceTree = "<group>";
		};
		8710B6291C31B40800114E52 /* Products */ = {
			isa = PBXGroup;
			children = (
				8710B6281C31B40800114E52 /* TurnScreenTest.app */,
			);
			name = Products;
			sourceTree = "<group>";
		};
		8710B62A1C31B40800114E52 /* TurnScreenTest */ = {
			isa = PBXGroup;
			children = (
				8710B62E1C31B40800114E52 /* AppDelegate.h */,
				8710B62F1C31B40800114E52 /* AppDelegate.m */,
				8710B6311C31B40800114E52 /* ViewController.h */,
				8710B6321C31B40800114E52 /* ViewController.m */,
				8710B6421C31B46300114E52 /* BViewController.h */,
				8710B6431C31B46300114E52 /* BViewController.m */,
				8710B6341C31B40800114E52 /* Main.storyboard */,
				8710B6371C31B40800114E52 /* Assets.xcassets */,
				8710B6391C31B40800114E52 /* LaunchScreen.storyboard */,
				8710B63C1C31B40800114E52 /* Info.plist */,
				8710B62B1C31B40800114E52 /* Supporting Files */,
			);
			path = TurnScreenTest;
			sourceTree = "<group>";
		};
		8710B62B1C31B40800114E52 /* Supporting Files */ = {
			isa = PBXGroup;
			children = (
				8710B62C1C31B40800114E52 /* main.m */,
			);
			name = "Supporting Files";
			sourceTree = "<group>";
		};
/* End PBXGroup section */

/* Begin PBXNativeTarget section */
		8710B6271C31B40800114E52 /* TurnScreenTest */ = {
			isa = PBXNativeTarget;
			buildConfigurationList = 8710B63F1C31B40800114E52 /* Build configuration list for PBXNativeTarget "TurnScreenTest" */;
			buildPhases = (
				8710B6241C31B40800114E52 /* Sources */,
				8710B6251C31B40800114E52 /* Frameworks */,
				8710B6261C31B40800114E52 /* Resources */,
			);
			buildRules = (
			);
			dependencies = (
			);
			name = TurnScreenTest;
			productName = TurnScreenTest;
			productReference = 8710B6281C31B40800114E52 /* TurnScreenTest.app */;
			productType = "com.apple.product-type.application";
		};
/* End PBXNativeTarget section */

/* Begin PBXProject section */
		8710B6201C31B40800114E52 /* Project object */ = {
			isa = PBXProject;
			attributes = {
				LastUpgradeCheck = 0720;
				ORGANIZATIONNAME = LaiYong;
				TargetAttributes = {
					8710B6271C31B40800114E52 = {
						CreatedOnToolsVersion = 7.2;
						DevelopmentTeam = 93YJBVG839;
					};
				};
			};
			buildConfigurationList = 8710B6231C31B40800114E52 /* Build configuration list for PBXProject "TurnScreenTest" */;
			compatibilityVersion = "Xcode 3.2";
			developmentRegion = English;
			hasScannedForEncodings = 0;
			knownRegions = (
				en,
				Base,
			);
			mainGroup = 8710B61F1C31B40800114E52;
			productRefGroup = 8710B6291C31B40800114E52 /* Products */;
			projectDirPath = "";
			projectRoot = "";
			targets = (
				8710B6271C31B40800114E52 /* TurnScreenTest */,
			);
		};
/* End PBXProject section */

/* Begin PBXResourcesBuildPhase section */
		8710B6261C31B40800114E52 /* Resources */ = {
			isa = PBXResourcesBuildPhase;
			buildActionMask = 2147483647;
			files = (
				8710B63B1C31B40800114E52 /* LaunchScreen.storyboard in Resources */,
				8710B6381C31B40800114E52 /* Assets.xcassets in Resources */,
				8710B6361C31B40800114E52 /* Main.storyboard in Resources */,
			);
			runOnlyForDeploymentPostprocessing = 0;
		};
/* End PBXResourcesBuildPhase section */

/* Begin PBXSourcesBuildPhase section */
		8710B6241C31B40800114E52 /* Sources */ = {
			isa = PBXSourcesBuildPhase;
			buildActionMask = 2147483647;
			files = (
				8710B6331C31B40800114E52 /* ViewController.m in Sources */,
				8710B6441C31B46300114E52 /* BViewController.m in Sources */,
				8710B6301C31B40800114E52 /* AppDelegate.m in Sources */,
				8710B62D1C31B40800114E52 /* main.m in Sources */,
			);
			runOnlyForDeploymentPostprocessing = 0;
		};
/* End PBXSourcesBuildPhase section */

/* Begin PBXVariantGroup section */
		8710B6341C31B40800114E52 /* Main.storyboard */ = {
			isa = PBXVariantGroup;
			children = (
				8710B6351C31B40800114E52 /* Base */,
			);
			name = Main.storyboard;
			sourceTree = "<group>";
		};
		8710B6391C31B40800114E52 /* LaunchScreen.storyboard */ = {
			isa = PBXVariantGroup;
			children = (
				8710B63A1C31B40800114E52 /* Base */,
			);
			name = LaunchScreen.storyboard;
			sourceTree = "<group>";
		};
/* End PBXVariantGroup section */

/* Begin XCBuildConfiguration section */
		8710B63D1C31B40800114E52 /* Debug */ = {
			isa = XCBuildConfiguration;
			buildSettings = {
				ALWAYS_SEARCH_USER_PATHS = NO;
				CLANG_CXX_LANGUAGE_STANDARD = "gnu++0x";
				CLANG_CXX_LIBRARY = "libc++";
				CLANG_ENABLE_MODULES = YES;
				CLANG_ENABLE_OBJC_ARC = YES;
				CLANG_WARN_BOOL_CONVERSION = YES;
				CLANG_WARN_CONSTANT_CONVERSION = YES;
				CLANG_WARN_DIRECT_OBJC_ISA_USAGE = YES_ERROR;
				CLANG_WARN_EMPTY_BODY = YES;
				CLANG_WARN_ENUM_CONVERSION = YES;
				CLANG_WARN_INT_CONVERSION = YES;
				CLANG_WARN_OBJC_ROOT_CLASS = YES_ERROR;
				CLANG_WARN_UNREACHABLE_CODE = YES;
				CLANG_WARN__DUPLICATE_METHOD_MATCH = YES;
				"CODE_SIGN_IDENTITY[sdk=iphoneos*]" = "iPhone Developer";
				COPY_PHASE_STRIP = NO;
				DEBUG_INFORMATION_FORMAT = dwarf;
				ENABLE_STRICT_OBJC_MSGSEND = YES;
				ENABLE_TESTABILITY = YES;
				GCC_C_LANGUAGE_STANDARD = gnu99;
				GCC_DYNAMIC_NO_PIC = NO;
				GCC_NO_COMMON_BLOCKS = YES;
				GCC_OPTIMIZATION_LEVEL = 0;
				GCC_PREPROCESSOR_DEFINITIONS = (
					"DEBUG=1",
					"$(inherited)",
				);
				GCC_WARN_64_TO_32_BIT_CONVERSION = YES;
				GCC_WARN_ABOUT_RETURN_TYPE = YES_ERROR;
				GCC_WARN_UNDECLARED_SELECTOR = YES;
				GCC_WARN_UNINITIALIZED_AUTOS = YES_AGGRESSIVE;
				GCC_WARN_UNUSED_FUNCTION = YES;
				GCC_WARN_UNUSED_VARIABLE = YES;
				IPHONEOS_DEPLOYMENT_TARGET = 9.2;
				MTL_ENABLE_DEBUG_INFO = YES;
				ONLY_ACTIVE_ARCH = YES;
				SDKROOT = iphoneos;
			};
			name = Debug;
		};
		8710B63E1C31B40800114E52 /* Release */ = {
			isa = XCBuildConfiguration;
			buildSettings = {
				ALWAYS_SEARCH_USER_PATHS = NO;
				CLANG_CXX_LANGUAGE_STANDARD = "gnu++0x";
				CLANG_CXX_LIBRARY = "libc++";
				CLANG_ENABLE_MODULES = YES;
				CLANG_ENABLE_OBJC_ARC = YES;
				CLANG_WARN_BOOL_CONVERSION = YES;
				CLANG_WARN_CONSTANT_CONVERSION = YES;
				CLANG_WARN_DIRECT_OBJC_ISA_USAGE = YES_ERROR;
				CLANG_WARN_EMPTY_BODY = YES;
				CLANG_WARN_ENUM_CONVERSION = YES;
				CLANG_WARN_INT_CONVERSION = YES;
				CLANG_WARN_OBJC_ROOT_CLASS = YES_ERROR;
				CLANG_WARN_UNREACHABLE_CODE = YES;
				CLANG_WARN__DUPLICATE_METHOD_MATCH = YES;
				"CODE_SIGN_IDENTITY[sdk=iphoneos*]" = "iPhone Developer";
				COPY_PHASE_STRIP = NO;
				DEBUG_INFORMATION_FORMAT = "dwarf-with-dsym";
				ENABLE_NS_ASSERTIONS = NO;
				ENABLE_STRICT_OBJC_MSGSEND = YES;
				GCC_C_LANGUAGE_STANDARD = gnu99;
				GCC_NO_COMMON_BLOCKS = YES;
				GCC_WARN_64_TO_32_BIT_CONVERSION = YES;
				GCC_WARN_ABOUT_RETURN_TYPE = YES_ERROR;
				GCC_WARN_UNDECLARED_SELECTOR = YES;
				GCC_WARN_UNINITIALIZED_AUTOS = YES_AGGRESSIVE;
				GCC_WARN_UNUSED_FUNCTION = YES;
				GCC_WARN_UNUSED_VARIABLE = YES;
				IPHONEOS_DEPLOYMENT_TARGET = 9.2;
				MTL_ENABLE_DEBUG_INFO = NO;
				SDKROOT = iphoneos;
				VALIDATE_PRODUCT = YES;
			};
			name = Release;
		};
		8710B6401C31B40800114E52 /* Debug */ = {
			isa = XCBuildConfiguration;
			buildSettings = {
				ASSETCATALOG_COMPILER_APPICON_NAME = AppIcon;
				INFOPLIST_FILE = TurnScreenTest/Info.plist;
				LD_RUNPATH_SEARCH_PATHS = "$(inherited) @executable_path/Frameworks";
				PRODUCT_BUNDLE_IDENTIFIER = com.LaiYong.TurnScreenTest;
				PRODUCT_NAME = "$(TARGET_NAME)";
			};
			name = Debug;
		};
		8710B6411C31B40800114E52 /* Release */ = {
			isa = XCBuildConfiguration;
			buildSettings = {
				ASSETCATALOG_COMPILER_APPICON_NAME = AppIcon;
				INFOPLIST_FILE = TurnScreenTest/Info.plist;
				LD_RUNPATH_SEARCH_PATHS = "$(inherited) @executable_path/Frameworks";
				PRODUCT_BUNDLE_IDENTIFIER = com.LaiYong.TurnScreenTest;
				PRODUCT_NAME = "$(TARGET_NAME)";
			};
			name = Release;
		};
/* End XCBuildConfiguration section */

/* Begin XCConfigurationList section */
		8710B6231C31B40800114E52 /* Build configuration list for PBXProject "TurnScreenTest" */ = {
			isa = XCConfigurationList;
			buildConfigurations = (
				8710B63D1C31B40800114E52 /* Debug */,
				8710B63E1C31B40800114E52 /* Release */,
			);
			defaultConfigurationIsVisible = 0;
			defaultConfigurationName = Release;
		};
		8710B63F1C31B40800114E52 /* Build configuration list for PBXNativeTarget "TurnScreenTest" */ = {
			isa = XCConfigurationList;
			buildConfigurations = (
				8710B6401C31B40800114E52 /* Debug */,
				8710B6411C31B40800114E52 /* Release */,
			);
			defaultConfigurationIsVisible = 0;
		};
/* End XCConfigurationList section */
	};
	rootObject = 8710B6201C31B40800114E52 /* Project object */;
}
